
Microsoft Visual Studio Solution File, Format Version 12.00
# Visual Studio Version 17
VisualStudioVersion = 17.2.32630.192
MinimumVisualStudioVersion = 10.0.40219.1
Project("{FAE04EC0-301F-11D3-BF4B-00C04F79EFBC}") = "Snake-Game", "Snake-Game\Snake-Game.csproj", "{C2D26F32-819D-4C1A-A583-E502BE8340C6}"
EndProject
Global
	GlobalSection(SolutionConfigurationPlatforms) = preSolution
		Debug|Any CPU = Debug|Any CPU
		Release|Any CPU = Release|Any CPU
	EndGlobalSection
	GlobalSection(ProjectConfigurationPlatforms) = postSolution
		{C2D26F32-819D-4C1A-A583-E502BE8340C6}.Debug|Any CPU.ActiveCfg = Debug|Any CPU
		{C2D26F32-819D-4C1A-A583-E502BE8340C6}.Debug|Any CPU.Build.0 = Debug|Any CPU
		{C2D26F32-819D-4C1A-A583-E502BE8340C6}.Release|Any CPU.ActiveCfg = Release|Any CPU
		{C2D26F32-819D-4C1A-A583-E502BE8340C6}.Release|Any CPU.Build.0 = Release|Any CPU
	EndGlobalSection
	GlobalSection(SolutionProperties) = preSolution
		HideSolutionNode = FALSE
	EndGlobalSection
	GlobalSection(ExtensibilityGlobals) = postSolution
		SolutionGuid = {311C23AB-0D02-4EEC-BC61-F19914AD588F}
	EndGlobalSection
EndGlobal
